lockfileVersion: '9.0'

settings:
  autoInstallPeers: true
  excludeLinksFromLockfile: false

importers:

  .:
    dependencies:
      '@react-email/render':
        specifier: ^2.0.0
        version: 2.0.0(react-dom@19.2.1(react@19.2.1))(react@19.2.1)
      react:
        specifier: ^19.2.1
        version: 19.2.1
      react-dom:
        specifier: ^19.2.1
        version: 19.2.1(react@19.2.1)
      tsx:
        specifier: ^4.21.0
        version: 4.21.0
    devDependencies:
      '@react-email/components':
        specifier: ^1.0.1
        version: 1.0.1(react-dom@19.2.1(react@19.2.1))(react@19.2.1)
      '@types/node':
        specifier: ^24.10.1
        version: 24.10.1
      '@types/react':
        specifier: ^19.2.7
        version: 19.2.7
      prettier:
        specifier: ^3.7.4
        version: 3.7.4

packages:

  '@esbuild/aix-ppc64@0.27.1':
    resolution: {integrity: sha512-HHB50pdsBX6k47S4u5g/CaLjqS3qwaOVE5ILsq64jyzgMhLuCuZ8rGzM9yhsAjfjkbgUPMzZEPa7DAp7yz6vuA==}
    engines: {node: '>=18'}
    cpu: [ppc64]
    os: [aix]

  '@esbuild/android-arm64@0.27.1':
    resolution: {integrity: sha512-45fuKmAJpxnQWixOGCrS+ro4Uvb4Re9+UTieUY2f8AEc+t7d4AaZ6eUJ3Hva7dtrxAAWHtlEFsXFMAgNnGU9uQ==}
    engines: {node: '>=18'}
    cpu: [arm64]
    os: [android]

  '@esbuild/android-arm@0.27.1':
    resolution: {integrity: sha512-kFqa6/UcaTbGm/NncN9kzVOODjhZW8e+FRdSeypWe6j33gzclHtwlANs26JrupOntlcWmB0u8+8HZo8s7thHvg==}
    engines: {node: '>=18'}
    cpu: [arm]
    os: [android]

  '@esbuild/android-x64@0.27.1':
    resolution: {integrity: sha512-LBEpOz0BsgMEeHgenf5aqmn/lLNTFXVfoWMUox8CtWWYK9X4jmQzWjoGoNb8lmAYml/tQ/Ysvm8q7szu7BoxRQ==}
    engines: {node: '>=18'}
    cpu: [x64]
    os: [android]

  '@esbuild/darwin-arm64@0.27.1':
    resolution: {integrity: sha512-veg7fL8eMSCVKL7IW4pxb54QERtedFDfY/ASrumK/SbFsXnRazxY4YykN/THYqFnFwJ0aVjiUrVG2PwcdAEqQQ==}
    engines: {node: '>=18'}
    cpu: [arm64]
    os: [darwin]

  '@esbuild/darwin-x64@0.27.1':
    resolution: {integrity: sha512-+3ELd+nTzhfWb07Vol7EZ+5PTbJ/u74nC6iv4/lwIU99Ip5uuY6QoIf0Hn4m2HoV0qcnRivN3KSqc+FyCHjoVQ==}
    engines: {node: '>=18'}
    cpu: [x64]
    os: [darwin]

  '@esbuild/freebsd-arm64@0.27.1':
    resolution: {integrity: sha512-/8Rfgns4XD9XOSXlzUDepG8PX+AVWHliYlUkFI3K3GB6tqbdjYqdhcb4BKRd7C0BhZSoaCxhv8kTcBrcZWP+xg==}
    engines: {node: '>=18'}
    cpu: [arm64]
    os: [freebsd]

  '@esbuild/freebsd-x64@0.27.1':
    resolution: {integrity: sha512-GITpD8dK9C+r+5yRT/UKVT36h/DQLOHdwGVwwoHidlnA168oD3uxA878XloXebK4Ul3gDBBIvEdL7go9gCUFzQ==}
    engines: {node: '>=18'}
    cpu: [x64]
    os: [freebsd]

  '@esbuild/linux-arm64@0.27.1':
    resolution: {integrity: sha512-W9//kCrh/6in9rWIBdKaMtuTTzNj6jSeG/haWBADqLLa9P8O5YSRDzgD5y9QBok4AYlzS6ARHifAb75V6G670Q==}
    engines: {node: '>=18'}
    cpu: [arm64]
    os: [linux]

  '@esbuild/linux-arm@0.27.1':
    resolution: {integrity: sha512-ieMID0JRZY/ZeCrsFQ3Y3NlHNCqIhTprJfDgSB3/lv5jJZ8FX3hqPyXWhe+gvS5ARMBJ242PM+VNz/ctNj//eA==}
    engines: {node: '>=18'}
    cpu: [arm]
    os: [linux]

  '@esbuild/linux-ia32@0.27.1':
    resolution: {integrity: sha512-VIUV4z8GD8rtSVMfAj1aXFahsi/+tcoXXNYmXgzISL+KB381vbSTNdeZHHHIYqFyXcoEhu9n5cT+05tRv13rlw==}
    engines: {node: '>=18'}
    cpu: [ia32]
    os: [linux]

  '@esbuild/linux-loong64@0.27.1':
    resolution: {integrity: sha512-l4rfiiJRN7sTNI//ff65zJ9z8U+k6zcCg0LALU5iEWzY+a1mVZ8iWC1k5EsNKThZ7XCQ6YWtsZ8EWYm7r1UEsg==}
    engines: {node: '>=18'}
    cpu: [loong64]
    os: [linux]

  '@esbuild/linux-mips64el@0.27.1':
    resolution: {integrity: sha512-U0bEuAOLvO/DWFdygTHWY8C067FXz+UbzKgxYhXC0fDieFa0kDIra1FAhsAARRJbvEyso8aAqvPdNxzWuStBnA==}
    engines: {node: '>=18'}
    cpu: [mips64el]
    os: [linux]

  '@esbuild/linux-ppc64@0.27.1':
    resolution: {integrity: sha512-NzdQ/Xwu6vPSf/GkdmRNsOfIeSGnh7muundsWItmBsVpMoNPVpM61qNzAVY3pZ1glzzAxLR40UyYM23eaDDbYQ==}
    engines: {node: '>=18'}
    cpu: [ppc64]
    os: [linux]

  '@esbuild/linux-riscv64@0.27.1':
    resolution: {integrity: sha512-7zlw8p3IApcsN7mFw0O1Z1PyEk6PlKMu18roImfl3iQHTnr/yAfYv6s4hXPidbDoI2Q0pW+5xeoM4eTCC0UdrQ==}
    engines: {node: '>=18'}
    cpu: [riscv64]
    os: [linux]

  '@esbuild/linux-s390x@0.27.1':
    resolution: {integrity: sha512-cGj5wli+G+nkVQdZo3+7FDKC25Uh4ZVwOAK6A06Hsvgr8WqBBuOy/1s+PUEd/6Je+vjfm6stX0kmib5b/O2Ykw==}
    engines: {node: '>=18'}
    cpu: [s390x]
    os: [linux]

  '@esbuild/linux-x64@0.27.1':
    resolution: {integrity: sha512-z3H/HYI9MM0HTv3hQZ81f+AKb+yEoCRlUby1F80vbQ5XdzEMyY/9iNlAmhqiBKw4MJXwfgsh7ERGEOhrM1niMA==}
    engines: {node: '>=18'}
    cpu: [x64]
    os: [linux]

  '@esbuild/netbsd-arm64@0.27.1':
    resolution: {integrity: sha512-wzC24DxAvk8Em01YmVXyjl96Mr+ecTPyOuADAvjGg+fyBpGmxmcr2E5ttf7Im8D0sXZihpxzO1isus8MdjMCXQ==}
    engines: {node: '>=18'}
    cpu: [arm64]
    os: [netbsd]

  '@esbuild/netbsd-x64@0.27.1':
    resolution: {integrity: sha512-1YQ8ybGi2yIXswu6eNzJsrYIGFpnlzEWRl6iR5gMgmsrR0FcNoV1m9k9sc3PuP5rUBLshOZylc9nqSgymI+TYg==}
    engines: {node: '>=18'}
    cpu: [x64]
    os: [netbsd]

  '@esbuild/openbsd-arm64@0.27.1':
    resolution: {integrity: sha512-5Z+DzLCrq5wmU7RDaMDe2DVXMRm2tTDvX2KU14JJVBN2CT/qov7XVix85QoJqHltpvAOZUAc3ndU56HSMWrv8g==}
    engines: {node: '>=18'}
    cpu: [arm64]
    os: [openbsd]

  '@esbuild/openbsd-x64@0.27.1':
    resolution: {integrity: sha512-Q73ENzIdPF5jap4wqLtsfh8YbYSZ8Q0wnxplOlZUOyZy7B4ZKW8DXGWgTCZmF8VWD7Tciwv5F4NsRf6vYlZtqg==}
    engines: {node: '>=18'}
    cpu: [x64]
    os: [openbsd]

  '@esbuild/openharmony-arm64@0.27.1':
    resolution: {integrity: sha512-ajbHrGM/XiK+sXM0JzEbJAen+0E+JMQZ2l4RR4VFwvV9JEERx+oxtgkpoKv1SevhjavK2z2ReHk32pjzktWbGg==}
    engines: {node: '>=18'}
    cpu: [arm64]
    os: [openharmony]

  '@esbuild/sunos-x64@0.27.1':
    resolution: {integrity: sha512-IPUW+y4VIjuDVn+OMzHc5FV4GubIwPnsz6ubkvN8cuhEqH81NovB53IUlrlBkPMEPxvNnf79MGBoz8rZ2iW8HA==}
    engines: {node: '>=18'}
    cpu: [x64]
    os: [sunos]

  '@esbuild/win32-arm64@0.27.1':
    resolution: {integrity: sha512-RIVRWiljWA6CdVu8zkWcRmGP7iRRIIwvhDKem8UMBjPql2TXM5PkDVvvrzMtj1V+WFPB4K7zkIGM7VzRtFkjdg==}
    engines: {node: '>=18'}
    cpu: [arm64]
    os: [win32]

  '@esbuild/win32-ia32@0.27.1':
    resolution: {integrity: sha512-2BR5M8CPbptC1AK5JbJT1fWrHLvejwZidKx3UMSF0ecHMa+smhi16drIrCEggkgviBwLYd5nwrFLSl5Kho96RQ==}
    engines: {node: '>=18'}
    cpu: [ia32]
    os: [win32]

  '@esbuild/win32-x64@0.27.1':
    resolution: {integrity: sha512-d5X6RMYv6taIymSk8JBP+nxv8DQAMY6A51GPgusqLdK9wBz5wWIXy1KjTck6HnjE9hqJzJRdk+1p/t5soSbCtw==}
    engines: {node: '>=18'}
    cpu: [x64]
    os: [win32]

  '@react-email/body@0.2.0':
    resolution: {integrity: sha512-9GCWmVmKUAoRfloboCd+RKm6X17xn7eGL7HnpAZUnjBXBilWCxsKnLMTC/ixSHDKS/A/057M1Tx6ZUXd89sVBw==}
    peerDependencies:
      react: ^18.0 || ^19.0 || ^19.0.0-rc

  '@react-email/button@0.2.0':
    resolution: {integrity: sha512-8i+v6cMxr2emz4ihCrRiYJPp2/sdYsNNsBzXStlcA+/B9Umpm5Jj3WJKYpgTPM+aeyiqlG/MMI1AucnBm4f1oQ==}
    engines: {node: '>=18.0.0'}
    peerDependencies:
      react: ^18.0 || ^19.0 || ^19.0.0-rc

  '@react-email/code-block@0.2.0':
    resolution: {integrity: sha512-eIrPW9PIFgDopQU0e/OPpwCW2QWQDtNZDSsiN4sJO8KdMnWWnXJicnRfzrit5rHwFo+Y98i+w/Y5ScnBAFr1dQ==}
    engines: {node: '>=22.0.0'}
    peerDependencies:
      react: ^18.0 || ^19.0 || ^19.0.0-rc

  '@react-email/code-inline@0.0.5':
    resolution: {integrity: sha512-MmAsOzdJpzsnY2cZoPHFPk6uDO/Ncpb4Kh1hAt9UZc1xOW3fIzpe1Pi9y9p6wwUmpaeeDalJxAxH6/fnTquinA==}
    engines: {node: '>=18.0.0'}
    peerDependencies:
      react: ^18.0 || ^19.0 || ^19.0.0-rc

  '@react-email/column@0.0.13':
    resolution: {integrity: sha512-Lqq17l7ShzJG/d3b1w/+lVO+gp2FM05ZUo/nW0rjxB8xBICXOVv6PqjDnn3FXKssvhO5qAV20lHM6S+spRhEwQ==}
    engines: {node: '>=18.0.0'}
    peerDependencies:
      react: ^18.0 || ^19.0 || ^19.0.0-rc

  '@react-email/components@1.0.1':
    resolution: {integrity: sha512-HnL0Y/up61sOBQT2cQg9N/kCoW0bP727gDs2MkFWQYELg6+iIHidMDvENXFC0f1ZE6hTB+4t7sszptvTcJWsDA==}
    engines: {node: '>=22.0.0'}
    peerDependencies:
      react: ^18.0 || ^19.0 || ^19.0.0-rc

  '@react-email/container@0.0.15':
    resolution: {integrity: sha512-Qo2IQo0ru2kZq47REmHW3iXjAQaKu4tpeq/M8m1zHIVwKduL2vYOBQWbC2oDnMtWPmkBjej6XxgtZByxM6cCFg==}
    engines: {node: '>=18.0.0'}
    peerDependencies:
      react: ^18.0 || ^19.0 || ^19.0.0-rc

  '@react-email/font@0.0.9':
    resolution: {integrity: sha512-4zjq23oT9APXkerqeslPH3OZWuh5X4crHK6nx82mVHV2SrLba8+8dPEnWbaACWTNjOCbcLIzaC9unk7Wq2MIXw==}
    peerDependencies:
      react: ^18.0 || ^19.0 || ^19.0.0-rc

  '@react-email/head@0.0.12':
    resolution: {integrity: sha512-X2Ii6dDFMF+D4niNwMAHbTkeCjlYYnMsd7edXOsi0JByxt9wNyZ9EnhFiBoQdqkE+SMDcu8TlNNttMrf5sJeMA==}
    engines: {node: '>=18.0.0'}
    peerDependencies:
      react: ^18.0 || ^19.0 || ^19.0.0-rc

  '@react-email/heading@0.0.15':
    resolution: {integrity: sha512-xF2GqsvBrp/HbRHWEfOgSfRFX+Q8I5KBEIG5+Lv3Vb2R/NYr0s8A5JhHHGf2pWBMJdbP4B2WHgj/VUrhy8dkIg==}
    engines: {node: '>=18.0.0'}
    peerDependencies:
      react: ^18.0 || ^19.0 || ^19.0.0-rc

  '@react-email/hr@0.0.11':
    resolution: {integrity: sha512-S1gZHVhwOsd1Iad5IFhpfICwNPMGPJidG/Uysy1AwmspyoAP5a4Iw3OWEpINFdgh9MHladbxcLKO2AJO+cA9Lw==}
    engines: {node: '>=18.0.0'}
    peerDependencies:
      react: ^18.0 || ^19.0 || ^19.0.0-rc

  '@react-email/html@0.0.11':
    resolution: {integrity: sha512-qJhbOQy5VW5qzU74AimjAR9FRFQfrMa7dn4gkEXKMB/S9xZN8e1yC1uA9C15jkXI/PzmJ0muDIWmFwatm5/+VA==}
    engines: {node: '>=18.0.0'}
    peerDependencies:
      react: ^18.0 || ^19.0 || ^19.0.0-rc

  '@react-email/img@0.0.11':
    resolution: {integrity: sha512-aGc8Y6U5C3igoMaqAJKsCpkbm1XjguQ09Acd+YcTKwjnC2+0w3yGUJkjWB2vTx4tN8dCqQCXO8FmdJpMfOA9EQ==}
    engines: {node: '>=18.0.0'}
    peerDependencies:
      react: ^18.0 || ^19.0 || ^19.0.0-rc

  '@react-email/link@0.0.12':
    resolution: {integrity: sha512-vF+xxQk2fGS1CN7UPQDbzvcBGfffr+GjTPNiWM38fhBfsLv6A/YUfaqxWlmL7zLzVmo0K2cvvV9wxlSyNba1aQ==}
    engines: {node: '>=18.0.0'}
    peerDependencies:
      react: ^18.0 || ^19.0 || ^19.0.0-rc

  '@react-email/markdown@0.0.17':
    resolution: {integrity: sha512-6op3AfsBC9BJKkhG+eoMFRFWlr0/f3FYbtQrK+VhGzJocEAY0WINIFN+W8xzXr//3IL0K/aKtnH3FtpIuescQQ==}
    engines: {node: '>=22.0.0'}
    peerDependencies:
      react: ^18.0 || ^19.0 || ^19.0.0-rc

  '@react-email/preview@0.0.13':
    resolution: {integrity: sha512-F7j9FJ0JN/A4d7yr+aw28p4uX7VLWs7hTHtLo7WRyw4G+Lit6Zucq4UWKRxJC8lpsUdzVmG7aBJnKOT+urqs/w==}
    engines: {node: '>=18.0.0'}
    peerDependencies:
      react: ^18.0 || ^19.0 || ^19.0.0-rc

  '@react-email/render@2.0.0':
    resolution: {integrity: sha512-rdjNj6iVzv8kRKDPFas+47nnoe6B40+nwukuXwY4FCwM7XBg6tmYr+chQryCuavUj2J65MMf6fztk1bxOUiSVA==}
    engines: {node: '>=22.0.0'}
    peerDependencies:
      react: ^18.0 || ^19.0 || ^19.0.0-rc
      react-dom: ^18.0 || ^19.0 || ^19.0.0-rc

  '@react-email/row@0.0.12':
    resolution: {integrity: sha512-HkCdnEjvK3o+n0y0tZKXYhIXUNPDx+2vq1dJTmqappVHXS5tXS6W5JOPZr5j+eoZ8gY3PShI2LWj5rWF7ZEtIQ==}
    engines: {node: '>=18.0.0'}
    peerDependencies:
      react: ^18.0 || ^19.0 || ^19.0.0-rc

  '@react-email/section@0.0.16':
    resolution: {integrity: sha512-FjqF9xQ8FoeUZYKSdt8sMIKvoT9XF8BrzhT3xiFKdEMwYNbsDflcjfErJe3jb7Wj/es/lKTbV5QR1dnLzGpL3w==}
    engines: {node: '>=18.0.0'}
    peerDependencies:
      react: ^18.0 || ^19.0 || ^19.0.0-rc

  '@react-email/tailwind@2.0.1':
    resolution: {integrity: sha512-/xq0IDYVY7863xPY7cdI45Xoz7M6CnIQBJcQvbqN7MNVpopfH9f+mhjayV1JGfKaxlGWuxfLKhgi9T2shsnEFg==}
    engines: {node: '>=22.0.0'}
    peerDependencies:
      '@react-email/body': 0.2.0
      '@react-email/button': 0.2.0
      '@react-email/code-block': 0.2.0
      '@react-email/code-inline': 0.0.5
      '@react-email/container': 0.0.15
      '@react-email/heading': 0.0.15
      '@react-email/hr': 0.0.11
      '@react-email/img': 0.0.11
      '@react-email/link': 0.0.12
      '@react-email/preview': 0.0.13
      '@react-email/text': 0.1.5
      react: ^18.0 || ^19.0 || ^19.0.0-rc
    peerDependenciesMeta:
      '@react-email/body':
        optional: true
      '@react-email/button':
        optional: true
      '@react-email/code-block':
        optional: true
      '@react-email/code-inline':
        optional: true
      '@react-email/container':
        optional: true
      '@react-email/heading':
        optional: true
      '@react-email/hr':
        optional: true
      '@react-email/img':
        optional: true
      '@react-email/link':
        optional: true
      '@react-email/preview':
        optional: true

  '@react-email/text@0.1.5':
    resolution: {integrity: sha512-o5PNHFSE085VMXayxH+SJ1LSOtGsTv+RpNKnTiJDrJUwoBu77G3PlKOsZZQHCNyD28WsQpl9v2WcJLbQudqwPg==}
    engines: {node: '>=18.0.0'}
    peerDependencies:
      react: ^18.0 || ^19.0 || ^19.0.0-rc

  '@selderee/plugin-htmlparser2@0.11.0':
    resolution: {integrity: sha512-P33hHGdldxGabLFjPPpaTxVolMrzrcegejx+0GxjrIb9Zv48D8yAIA/QTDR2dFl7Uz7urX8aX6+5bCZslr+gWQ==}

  '@types/node@24.10.1':
    resolution: {integrity: sha512-GNWcUTRBgIRJD5zj+Tq0fKOJ5XZajIiBroOF0yvj2bSU1WvNdYS/dn9UxwsujGW4JX06dnHyjV2y9rRaybH0iQ==}

  '@types/react@19.2.7':
    resolution: {integrity: sha512-MWtvHrGZLFttgeEj28VXHxpmwYbor/ATPYbBfSFZEIRK0ecCFLl2Qo55z52Hss+UV9CRN7trSeq1zbgx7YDWWg==}

  csstype@3.2.3:
    resolution: {integrity: sha512-z1HGKcYy2xA8AGQfwrn0PAy+PB7X/GSj3UVJW9qKyn43xWa+gl5nXmU4qqLMRzWVLFC8KusUX8T/0kCiOYpAIQ==}

  deepmerge@4.3.1:
    resolution: {integrity: sha512-3sUqbMEc77XqpdNO7FRyRog+eW3ph+GYCbj+rK+uYyRMuwsVy0rMiVtPn+QJlKFvWP/1PYpapqYn0Me2knFn+A==}
    engines: {node: '>=0.10.0'}

  dom-serializer@2.0.0:
    resolution: {integrity: sha512-wIkAryiqt/nV5EQKqQpo3SToSOV9J0DnbJqwK7Wv/Trc92zIAYZ4FlMu+JPFW1DfGFt81ZTCGgDEabffXeLyJg==}

  domelementtype@2.3.0:
    resolution: {integrity: sha512-OLETBj6w0OsagBwdXnPdN0cnMfF9opN69co+7ZrbfPGrdpPVNBUj02spi6B1N7wChLQiPn4CSH/zJvXw56gmHw==}

  domhandler@5.0.3:
    resolution: {integrity: sha512-cgwlv/1iFQiFnU96XXgROh8xTeetsnJiDsTc7TYCLFd9+/WNkIqPTxiM/8pSd8VIrhXGTf1Ny1q1hquVqDJB5w==}
    engines: {node: '>= 4'}

  domutils@3.2.2:
    resolution: {integrity: sha512-6kZKyUajlDuqlHKVX1w7gyslj9MPIXzIFiz/rGu35uC1wMi+kMhQwGhl4lt9unC9Vb9INnY9Z3/ZA3+FhASLaw==}

  entities@4.5.0:
    resolution: {integrity: sha512-V0hjH4dGPh9Ao5p0MoRY6BVqtwCjhz6vI5LT8AJ55H+4g9/4vbHx1I54fS0XuclLhDHArPQCiMjDxjaL8fPxhw==}
    engines: {node: '>=0.12'}

  esbuild@0.27.1:
    resolution: {integrity: sha512-yY35KZckJJuVVPXpvjgxiCuVEJT67F6zDeVTv4rizyPrfGBUpZQsvmxnN+C371c2esD/hNMjj4tpBhuueLN7aA==}
    engines: {node: '>=18'}
    hasBin: true

  fsevents@2.3.3:
    resolution: {integrity: sha512-5xoDfX+fL7faATnagmWPpbFtwh/R77WmMMqqHGS65C3vvB0YHrgF+B1YmZ3441tMj5n63k0212XNoJwzlhffQw==}
    engines: {node: ^8.16.0 || ^10.6.0 || >=11.0.0}
    os: [darwin]

  get-tsconfig@4.10.0:
    resolution: {integrity: sha512-kGzZ3LWWQcGIAmg6iWvXn0ei6WDtV26wzHRMwDSzmAbcXrTEXxHy6IehI6/4eT6VRKyMP1eF1VqwrVUmE/LR7A==}

  html-to-text@9.0.5:
    resolution: {integrity: sha512-qY60FjREgVZL03vJU6IfMV4GDjGBIoOyvuFdpBDIX9yTlDw0TjxVBQp+P8NvpdIXNJvfWBTNul7fsAQJq2FNpg==}
    engines: {node: '>=14'}

  htmlparser2@8.0.2:
    resolution: {integrity: sha512-GYdjWKDkbRLkZ5geuHs5NY1puJ+PXwP7+fHPRz06Eirsb9ugf6d8kkXav6ADhcODhFFPMIXyxkxSuMf3D6NCFA==}

  leac@0.6.0:
    resolution: {integrity: sha512-y+SqErxb8h7nE/fiEX07jsbuhrpO9lL8eca7/Y1nuWV2moNlXhyd59iDGcRf6moVyDMbmTNzL40SUyrFU/yDpg==}

  marked@15.0.12:
    resolution: {integrity: sha512-8dD6FusOQSrpv9Z1rdNMdlSgQOIP880DHqnohobOmYLElGEqAL/JvxvuxZO16r4HtjTlfPRDC1hbvxC9dPN2nA==}
    engines: {node: '>= 18'}
    hasBin: true

  parseley@0.12.1:
    resolution: {integrity: sha512-e6qHKe3a9HWr0oMRVDTRhKce+bRO8VGQR3NyVwcjwrbhMmFCX9KszEV35+rn4AdilFAq9VPxP/Fe1wC9Qjd2lw==}

  peberminta@0.9.0:
    resolution: {integrity: sha512-XIxfHpEuSJbITd1H3EeQwpcZbTLHc+VVr8ANI9t5sit565tsI4/xK3KWTUFE2e6QiangUkh3B0jihzmGnNrRsQ==}

  prettier@3.7.4:
    resolution: {integrity: sha512-v6UNi1+3hSlVvv8fSaoUbggEM5VErKmmpGA7Pl3HF8V6uKY7rvClBOJlH6yNwQtfTueNkGVpOv/mtWL9L4bgRA==}
    engines: {node: '>=14'}
    hasBin: true

  prismjs@1.30.0:
    resolution: {integrity: sha512-DEvV2ZF2r2/63V+tK8hQvrR2ZGn10srHbXviTlcv7Kpzw8jWiNTqbVgjO3IY8RxrrOUF8VPMQQFysYYYv0YZxw==}
    engines: {node: '>=6'}

  react-dom@19.2.1:
    resolution: {integrity: sha512-ibrK8llX2a4eOskq1mXKu/TGZj9qzomO+sNfO98M6d9zIPOEhlBkMkBUBLd1vgS0gQsLDBzA+8jJBVXDnfHmJg==}
    peerDependencies:
      react: ^19.2.1

  react@19.2.1:
    resolution: {integrity: sha512-DGrYcCWK7tvYMnWh79yrPHt+vdx9tY+1gPZa7nJQtO/p8bLTDaHp4dzwEhQB7pZ4Xe3ok4XKuEPrVuc+wlpkmw==}
    engines: {node: '>=0.10.0'}

  resolve-pkg-maps@1.0.0:
    resolution: {integrity: sha512-seS2Tj26TBVOC2NIc2rOe2y2ZO7efxITtLZcGSOnHHNOQ7CkiUBfw0Iw2ck6xkIhPwLhKNLS8BO+hEpngQlqzw==}

  scheduler@0.27.0:
    resolution: {integrity: sha512-eNv+WrVbKu1f3vbYJT/xtiF5syA5HPIMtf9IgY/nKg0sWqzAUEvqY/xm7OcZc/qafLx/iO9FgOmeSAp4v5ti/Q==}

  selderee@0.11.0:
    resolution: {integrity: sha512-5TF+l7p4+OsnP8BCCvSyZiSPc4x4//p5uPwK8TCnVPJYRmU2aYKMpOXvw8zM5a5JvuuCGN1jmsMwuU2W02ukfA==}

  tailwindcss@4.1.17:
    resolution: {integrity: sha512-j9Ee2YjuQqYT9bbRTfTZht9W/ytp5H+jJpZKiYdP/bpnXARAuELt9ofP0lPnmHjbga7SNQIxdTAXCmtKVYjN+Q==}

  tsx@4.21.0:
    resolution: {integrity: sha512-5C1sg4USs1lfG0GFb2RLXsdpXqBSEhAaA/0kPL01wxzpMqLILNxIxIOKiILz+cdg/pLnOUxFYOR5yhHU666wbw==}
    engines: {node: '>=18.0.0'}
    hasBin: true

  undici-types@7.16.0:
    resolution: {integrity: sha512-Zz+aZWSj8LE6zoxD+xrjh4VfkIG8Ya6LvYkZqtUQGJPZjYl53ypCaUwWqo7eI0x66KBGeRo+mlBEkMSeSZ38Nw==}

snapshots:

  '@esbuild/aix-ppc64@0.27.1':
    optional: true

  '@esbuild/android-arm64@0.27.1':
    optional: true

  '@esbuild/android-arm@0.27.1':
    optional: true

  '@esbuild/android-x64@0.27.1':
    optional: true

  '@esbuild/darwin-arm64@0.27.1':
    optional: true

  '@esbuild/darwin-x64@0.27.1':
    optional: true

  '@esbuild/freebsd-arm64@0.27.1':
    optional: true

  '@esbuild/freebsd-x64@0.27.1':
    optional: true

  '@esbuild/linux-arm64@0.27.1':
    optional: true

  '@esbuild/linux-arm@0.27.1':
    optional: true

  '@esbuild/linux-ia32@0.27.1':
    optional: true

  '@esbuild/linux-loong64@0.27.1':
    optional: true

  '@esbuild/linux-mips64el@0.27.1':
    optional: true

  '@esbuild/linux-ppc64@0.27.1':
    optional: true

  '@esbuild/linux-riscv64@0.27.1':
    optional: true

  '@esbuild/linux-s390x@0.27.1':
    optional: true

  '@esbuild/linux-x64@0.27.1':
    optional: true

  '@esbuild/netbsd-arm64@0.27.1':
    optional: true

  '@esbuild/netbsd-x64@0.27.1':
    optional: true

  '@esbuild/openbsd-arm64@0.27.1':
    optional: true

  '@esbuild/openbsd-x64@0.27.1':
    optional: true

  '@esbuild/openharmony-arm64@0.27.1':
    optional: true

  '@esbuild/sunos-x64@0.27.1':
    optional: true

  '@esbuild/win32-arm64@0.27.1':
    optional: true

  '@esbuild/win32-ia32@0.27.1':
    optional: true

  '@esbuild/win32-x64@0.27.1':
    optional: true

  '@react-email/body@0.2.0(react@19.2.1)':
    dependencies:
      react: 19.2.1

  '@react-email/button@0.2.0(react@19.2.1)':
    dependencies:
      react: 19.2.1

  '@react-email/code-block@0.2.0(react@19.2.1)':
    dependencies:
      prismjs: 1.30.0
      react: 19.2.1

  '@react-email/code-inline@0.0.5(react@19.2.1)':
    dependencies:
      react: 19.2.1

  '@react-email/column@0.0.13(react@19.2.1)':
    dependencies:
      react: 19.2.1

  '@react-email/components@1.0.1(react-dom@19.2.1(react@19.2.1))(react@19.2.1)':
    dependencies:
      '@react-email/body': 0.2.0(react@19.2.1)
      '@react-email/button': 0.2.0(react@19.2.1)
      '@react-email/code-block': 0.2.0(react@19.2.1)
      '@react-email/code-inline': 0.0.5(react@19.2.1)
      '@react-email/column': 0.0.13(react@19.2.1)
      '@react-email/container': 0.0.15(react@19.2.1)
      '@react-email/font': 0.0.9(react@19.2.1)
      '@react-email/head': 0.0.12(react@19.2.1)
      '@react-email/heading': 0.0.15(react@19.2.1)
      '@react-email/hr': 0.0.11(react@19.2.1)
      '@react-email/html': 0.0.11(react@19.2.1)
      '@react-email/img': 0.0.11(react@19.2.1)
      '@react-email/link': 0.0.12(react@19.2.1)
      '@react-email/markdown': 0.0.17(react@19.2.1)
      '@react-email/preview': 0.0.13(react@19.2.1)
      '@react-email/render': 2.0.0(react-dom@19.2.1(react@19.2.1))(react@19.2.1)
      '@react-email/row': 0.0.12(react@19.2.1)
      '@react-email/section': 0.0.16(react@19.2.1)
      '@react-email/tailwind': 2.0.1(@react-email/body@0.2.0(react@19.2.1))(@react-email/button@0.2.0(react@19.2.1))(@react-email/code-block@0.2.0(react@19.2.1))(@react-email/code-inline@0.0.5(react@19.2.1))(@react-email/container@0.0.15(react@19.2.1))(@react-email/heading@0.0.15(react@19.2.1))(@react-email/hr@0.0.11(react@19.2.1))(@react-email/img@0.0.11(react@19.2.1))(@react-email/link@0.0.12(react@19.2.1))(@react-email/preview@0.0.13(react@19.2.1))(@react-email/text@0.1.5(react@19.2.1))(react@19.2.1)
      '@react-email/text': 0.1.5(react@19.2.1)
      react: 19.2.1
    transitivePeerDependencies:
      - react-dom

  '@react-email/container@0.0.15(react@19.2.1)':
    dependencies:
      react: 19.2.1

  '@react-email/font@0.0.9(react@19.2.1)':
    dependencies:
      react: 19.2.1

  '@react-email/head@0.0.12(react@19.2.1)':
    dependencies:
      react: 19.2.1

  '@react-email/heading@0.0.15(react@19.2.1)':
    dependencies:
      react: 19.2.1

  '@react-email/hr@0.0.11(react@19.2.1)':
    dependencies:
      react: 19.2.1

  '@react-email/html@0.0.11(react@19.2.1)':
    dependencies:
      react: 19.2.1

  '@react-email/img@0.0.11(react@19.2.1)':
    dependencies:
      react: 19.2.1

  '@react-email/link@0.0.12(react@19.2.1)':
    dependencies:
      react: 19.2.1

  '@react-email/markdown@0.0.17(react@19.2.1)':
    dependencies:
      marked: 15.0.12
      react: 19.2.1

  '@react-email/preview@0.0.13(react@19.2.1)':
    dependencies:
      react: 19.2.1

  '@react-email/render@2.0.0(react-dom@19.2.1(react@19.2.1))(react@19.2.1)':
    dependencies:
      html-to-text: 9.0.5
      prettier: 3.7.4
      react: 19.2.1
      react-dom: 19.2.1(react@19.2.1)

  '@react-email/row@0.0.12(react@19.2.1)':
    dependencies:
      react: 19.2.1

  '@react-email/section@0.0.16(react@19.2.1)':
    dependencies:
      react: 19.2.1

  '@react-email/tailwind@2.0.1(@react-email/body@0.2.0(react@19.2.1))(@react-email/button@0.2.0(react@19.2.1))(@react-email/code-block@0.2.0(react@19.2.1))(@react-email/code-inline@0.0.5(react@19.2.1))(@react-email/container@0.0.15(react@19.2.1))(@react-email/heading@0.0.15(react@19.2.1))(@react-email/hr@0.0.11(react@19.2.1))(@react-email/img@0.0.11(react@19.2.1))(@react-email/link@0.0.12(react@19.2.1))(@react-email/preview@0.0.13(react@19.2.1))(@react-email/text@0.1.5(react@19.2.1))(react@19.2.1)':
    dependencies:
      '@react-email/text': 0.1.5(react@19.2.1)
      react: 19.2.1
      tailwindcss: 4.1.17
    optionalDependencies:
      '@react-email/body': 0.2.0(react@19.2.1)
      '@react-email/button': 0.2.0(react@19.2.1)
      '@react-email/code-block': 0.2.0(react@19.2.1)
      '@react-email/code-inline': 0.0.5(react@19.2.1)
      '@react-email/container': 0.0.15(react@19.2.1)
      '@react-email/heading': 0.0.15(react@19.2.1)
      '@react-email/hr': 0.0.11(react@19.2.1)
      '@react-email/img': 0.0.11(react@19.2.1)
      '@react-email/link': 0.0.12(react@19.2.1)
      '@react-email/preview': 0.0.13(react@19.2.1)

  '@react-email/text@0.1.5(react@19.2.1)':
    dependencies:
      react: 19.2.1

  '@selderee/plugin-htmlparser2@0.11.0':
    dependencies:
      domhandler: 5.0.3
      selderee: 0.11.0

  '@types/node@24.10.1':
    dependencies:
      undici-types: 7.16.0

  '@types/react@19.2.7':
    dependencies:
      csstype: 3.2.3

  csstype@3.2.3: {}

  deepmerge@4.3.1: {}

  dom-serializer@2.0.0:
    dependencies:
      domelementtype: 2.3.0
      domhandler: 5.0.3
      entities: 4.5.0

  domelementtype@2.3.0: {}

  domhandler@5.0.3:
    dependencies:
      domelementtype: 2.3.0

  domutils@3.2.2:
    dependencies:
      dom-serializer: 2.0.0
      domelementtype: 2.3.0
      domhandler: 5.0.3

  entities@4.5.0: {}

  esbuild@0.27.1:
    optionalDependencies:
      '@esbuild/aix-ppc64': 0.27.1
      '@esbuild/android-arm': 0.27.1
      '@esbuild/android-arm64': 0.27.1
      '@esbuild/android-x64': 0.27.1
      '@esbuild/darwin-arm64': 0.27.1
      '@esbuild/darwin-x64': 0.27.1
      '@esbuild/freebsd-arm64': 0.27.1
      '@esbuild/freebsd-x64': 0.27.1
      '@esbuild/linux-arm': 0.27.1
      '@esbuild/linux-arm64': 0.27.1
      '@esbuild/linux-ia32': 0.27.1
      '@esbuild/linux-loong64': 0.27.1
      '@esbuild/linux-mips64el': 0.27.1
      '@esbuild/linux-ppc64': 0.27.1
      '@esbuild/linux-riscv64': 0.27.1
      '@esbuild/linux-s390x': 0.27.1
      '@esbuild/linux-x64': 0.27.1
      '@esbuild/netbsd-arm64': 0.27.1
      '@esbuild/netbsd-x64': 0.27.1
      '@esbuild/openbsd-arm64': 0.27.1
      '@esbuild/openbsd-x64': 0.27.1
      '@esbuild/openharmony-arm64': 0.27.1
      '@esbuild/sunos-x64': 0.27.1
      '@esbuild/win32-arm64': 0.27.1
      '@esbuild/win32-ia32': 0.27.1
      '@esbuild/win32-x64': 0.27.1

  fsevents@2.3.3:
    optional: true

  get-tsconfig@4.10.0:
    dependencies:
      resolve-pkg-maps: 1.0.0

  html-to-text@9.0.5:
    dependencies:
      '@selderee/plugin-htmlparser2': 0.11.0
      deepmerge: 4.3.1
      dom-serializer: 2.0.0
      htmlparser2: 8.0.2
      selderee: 0.11.0

  htmlparser2@8.0.2:
    dependencies:
      domelementtype: 2.3.0
      domhandler: 5.0.3
      domutils: 3.2.2
      entities: 4.5.0

  leac@0.6.0: {}

  marked@15.0.12: {}

  parseley@0.12.1:
    dependencies:
      leac: 0.6.0
      peberminta: 0.9.0

  peberminta@0.9.0: {}

  prettier@3.7.4: {}

  prismjs@1.30.0: {}

  react-dom@19.2.1(react@19.2.1):
    dependencies:
      react: 19.2.1
      scheduler: 0.27.0

  react@19.2.1: {}

  resolve-pkg-maps@1.0.0: {}

  scheduler@0.27.0: {}

  selderee@0.11.0:
    dependencies:
      parseley: 0.12.1

  tailwindcss@4.1.17: {}

  tsx@4.21.0:
    dependencies:
      esbuild: 0.27.1
      get-tsconfig: 4.10.0
    optionalDependencies:
      fsevents: 2.3.3

  undici-types@7.16.0: {}
